<?xml version="1.0" encoding="utf-8"?>
<Project ToolsVersion="4.0" xmlns="http://schemas.microsoft.com/developer/msbuild/2003">
  <ItemGroup>
    <ClInclude Include="Core\Math\Vector.h" />
    <ClInclude Include="Core\Math\VectorOperator.h" />
    <ClInclude Include="Core\Math\VectorFunction.h" />
    <ClInclude Include="Core\Math\Quaternion.h" />
    <ClInclude Include="Core\Math\QuaternionOperator.h" />
    <ClInclude Include="Core\Math\QuaternionFunction.h" />
    <ClInclude Include="Core\Math\Mathf.h" />
    <ClInclude Include="Core\Math\Math.h" />
    <ClInclude Include="Core\Core.h" />
    <ClInclude Include="Core\pch.h" />
    <ClInclude Include="pch.h" />
    <ClInclude Include="core\Resource.h" />
    <ClInclude Include="core\Memory.h" />
    <ClInclude Include="thirdparty\thirdparty.h" />
    <ClInclude Include="stdafx.h" />
    <ClInclude Include="core\BitFlag.h" />
    <ClInclude Include="core\Timer.h" />
    <ClInclude Include="core\ResourcePool.h" />
    <ClInclude Include="component\Animator.h" />
    <ClInclude Include="component\Camera.h" />
    <ClInclude Include="component\Image.h" />
    <ClInclude Include="component\MeshRenderer.h" />
    <ClInclude Include="component\NavigationMesh.h" />
    <ClInclude Include="component\SkinnedMeshRenderer.h" />
    <ClInclude Include="component\SpriteRenderer.h" />
    <ClInclude Include="component\Terrain.h" />
    <ClInclude Include="component\Transform.h" />
    <ClInclude Include="resource\Animation.h" />
    <ClInclude Include="resource\Material.h" />
    <ClInclude Include="resource\SkinnedMesh.h" />
    <ClInclude Include="resource\Sprite.h" />
    <ClInclude Include="resource\TerrainData.h" />
    <ClInclude Include="component\RigidBody.h" />
    <ClInclude Include="component\Collider.h" />
    <ClInclude Include="component\BoxCollider.h" />
    <ClInclude Include="core\ComponentBase.h" />
    <ClInclude Include="component\Component.h" />
    <ClInclude Include="component\CapsuleCollider.h" />
    <ClInclude Include="component\PrimitiveCollider.h" />
    <ClInclude Include="core\ResourceBase.h" />
    <ClInclude Include="resource\GeometryResource.h" />
    <ClInclude Include="component\Renderer.h" />
    <ClInclude Include="component\SphereCollider.h" />
    <ClInclude Include="component\MeshCollider.h" />
    <ClInclude Include="component\TerrainCollider.h" />
    <ClInclude Include="component\Light.h" />
    <ClInclude Include="component\UI.h" />
    <ClInclude Include="Engine.h" />
    <ClInclude Include="assets\script\CameraMove.h" />
    <ClInclude Include="assets\script\PhysicsTest.h" />
    <ClInclude Include="core\Serializable.h" />
    <ClInclude Include="Physics\Physics.h" />
    <ClInclude Include="Physics\PhysicsWorld.h" />
    <ClInclude Include="Graphics\Graphics.h" />
    <ClInclude Include="Graphics\QuadTree.h" />
    <ClInclude Include="Graphics\Frustum.h" />
    <ClInclude Include="Core\Structure.h" />
    <ClInclude Include="Core\SystemBase.h" />
    <ClInclude Include="component\Behaviour.h" />
    <ClInclude Include="System\System.h" />
    <ClInclude Include="System\RenderSystem.h" />
    <ClInclude Include="resource\Resource.h" />
    <ClInclude Include="System\PhysicsSystem.h" />
    <ClInclude Include="Physics\PhysicsFunction.h" />
    <ClInclude Include="core\FBXParser.h" />
    <ClInclude Include="System\TransformSystem.h" />
    <ClInclude Include="System\BehaviourSystem.h" />
    <ClInclude Include="System\NavigationSystem.h" />
    <ClInclude Include="Core\json\json.h" />
    <ClInclude Include="Core\json\json-forwards.h" />
    <ClInclude Include="Core\Math\Bounds.h" />
    <ClInclude Include="Core\Math\Color.h" />
    <ClInclude Include="Core\Math\ColorOperator.h" />
    <ClInclude Include="Resource\StaticMesh.h" />
    <ClInclude Include="resource\Mesh.h" />
    <ClInclude Include="Resource\Texture.h" />
    <ClInclude Include="core\Type.h" />
    <ClInclude Include="Resource\GameObject.h" />
    <ClInclude Include="Singleton\Singleton.h" />
    <ClInclude Include="core\SingletonBase.h" />
    <ClInclude Include="Singleton\GameObjectManager.h" />
    <ClInclude Include="Singleton\InputManager.h" />
    <ClInclude Include="Singleton\ResourceManager.h" />
    <ClInclude Include="Singleton\SceneManager.h" />
    <ClInclude Include="Resource\Scene.h" />
    <ClInclude Include="Graphics\D3D9Core.h" />
    <ClInclude Include="Singleton\Application.h" />
    <ClInclude Include="Singleton\MaterialManager.h" />
  </ItemGroup>
  <ItemGroup>
    <ClCompile Include="Main.cpp" />
    <ClCompile Include="pch.cpp" />
    <ClCompile Include="core\Timer.cpp" />
    <ClCompile Include="component\Animator.cpp" />
    <ClCompile Include="component\Camera.cpp" />
    <ClCompile Include="component\Image.cpp" />
    <ClCompile Include="component\MeshRenderer.cpp" />
    <ClCompile Include="component\NavigationMesh.cpp" />
    <ClCompile Include="component\SkinnedMeshRenderer.cpp" />
    <ClCompile Include="component\SpriteRenderer.cpp" />
    <ClCompile Include="component\Terrain.cpp" />
    <ClCompile Include="component\Transform.cpp" />
    <ClCompile Include="resource\Animation.cpp" />
    <ClCompile Include="resource\Material.cpp" />
    <ClCompile Include="resource\SkinnedMesh.cpp" />
    <ClCompile Include="resource\Sprite.cpp" />
    <ClCompile Include="resource\TerrainData.cpp" />
    <ClCompile Include="component\RigidBody.cpp" />
    <ClCompile Include="component\BoxCollider.cpp" />
    <ClCompile Include="component\CapsuleCollider.cpp" />
    <ClCompile Include="component\SphereCollider.cpp" />
    <ClCompile Include="component\MeshCollider.cpp" />
    <ClCompile Include="component\TerrainCollider.cpp" />
    <ClCompile Include="component\Light.cpp" />
    <ClCompile Include="assets\script\CameraMove.cpp" />
    <ClCompile Include="assets\script\PhysicsTest.cpp" />
    <ClCompile Include="Physics\PhysicsWorld.cpp" />
    <ClCompile Include="Graphics\QuadTree.cpp" />
    <ClCompile Include="Graphics\Frustum.cpp" />
    <ClCompile Include="System\RenderSystem.cpp" />
    <ClCompile Include="System\PhysicsSystem.cpp" />
    <ClCompile Include="Physics\PhysicsFunction.cpp" />
    <ClCompile Include="core\FBXParser.cpp" />
    <ClCompile Include="System\TransformSystem.cpp" />
    <ClCompile Include="System\BehaviourSystem.cpp" />
    <ClCompile Include="Component\Collider.cpp" />
    <ClCompile Include="System\NavigationSystem.cpp" />
    <ClCompile Include="resource\StaticMesh.cpp" />
    <ClCompile Include="resource\Mesh.cpp" />
    <ClCompile Include="Resource\Texture.cpp" />
    <ClCompile Include="Core\Type.cpp" />
    <ClCompile Include="Resource\GameObject.cpp" />
    <ClCompile Include="Singleton\GameObjectManager.cpp" />
    <ClCompile Include="Singleton\InputManager.cpp" />
    <ClCompile Include="Singleton\ResourceManager.cpp" />
    <ClCompile Include="Singleton\SceneManager.cpp" />
    <ClCompile Include="Resource\Scene.cpp" />
    <ClCompile Include="Graphics\D3D9Core.cpp" />
    <ClCompile Include="Singleton\Application.cpp" />
    <ClCompile Include="Singleton\MaterialManager.cpp" />
  </ItemGroup>
  <ItemGroup>
    <FxCompile Include="assets\effect\DefaultMaterial.fx" />
    <FxCompile Include="assets\effect\DefaultSpriteMaterial.fx" />
    <FxCompile Include="assets\effect\DefaultTerrain.fx" />
    <FxCompile Include="assets\effect\TextureMapping.fx" />
    <FxCompile Include="assets\effect\ToonShader.fx" />
    <FxCompile Include="assets\effect\NormalMap.fx" />
    <FxCompile Include="assets\effect\DefaultBlinnPhong.fx" />
  </ItemGroup>
</Project>